
Microsoft Visual Studio Solution File, Format Version 12.00
# Visual Studio Version 17
VisualStudioVersion = 17.8.34316.72
MinimumVisualStudioVersion = 10.0.40219.1
Project("{FAE04EC0-301F-11D3-BF4B-00C04F79EFBC}") = "VeelGebruikteKlassen-1---Raadspel", "VeelGebruikteKlassen-1---Raadspel\VeelGebruikteKlassen-1---Raadspel.csproj", "{CBA52234-C100-42C9-AD9E-08E71F625E98}"
EndProject
Global
	GlobalSection(SolutionConfigurationPlatforms) = preSolution
		Debug|Any CPU = Debug|Any CPU
		Release|Any CPU = Release|Any CPU
	EndGlobalSection
	GlobalSection(ProjectConfigurationPlatforms) = postSolution
		{CBA52234-C100-42C9-AD9E-08E71F625E98}.Debug|Any CPU.ActiveCfg = Debug|Any CPU
		{CBA52234-C100-42C9-AD9E-08E71F625E98}.Debug|Any CPU.Build.0 = Debug|Any CPU
		{CBA52234-C100-42C9-AD9E-08E71F625E98}.Release|Any CPU.ActiveCfg = Release|Any CPU
		{CBA52234-C100-42C9-AD9E-08E71F625E98}.Release|Any CPU.Build.0 = Release|Any CPU
	EndGlobalSection
	GlobalSection(SolutionProperties) = preSolution
		HideSolutionNode = FALSE
	EndGlobalSection
	GlobalSection(ExtensibilityGlobals) = postSolution
		SolutionGuid = {3E912F09-958C-4BD3-8F96-B5F11E1CEC6B}
	EndGlobalSection
EndGlobal
